
Microsoft Visual Studio Solution File, Format Version 12.00
# Visual Studio Version 17
VisualStudioVersion = 17.11.35312.102
MinimumVisualStudioVersion = 10.0.40219.1
Project("{9A19103F-16F7-4668-BE54-9A1E7A4F7556}") = "RainbowForge", "RainbowForge\RainbowForge.csproj", "{7B9CEA86-8793-44FE-BE70-8C79590861F1}"
EndProject
Project("{9A19103F-16F7-4668-BE54-9A1E7A4F7556}") = "Prism", "Prism\Prism.csproj", "{22894B1E-0865-4AE9-9102-ED3ACC138B16}"
EndProject
Project("{9A19103F-16F7-4668-BE54-9A1E7A4F7556}") = "RainbowScimitar", "RainbowScimitar\RainbowScimitar.csproj", "{94CFB368-13B4-4A64-A7D2-64BD09CF5810}"
EndProject
Global
	GlobalSection(SolutionConfigurationPlatforms) = preSolution
		Debug|Any CPU = Debug|Any CPU
		Release|Any CPU = Release|Any CPU
	EndGlobalSection
	GlobalSection(ProjectConfigurationPlatforms) = postSolution
		{7B9CEA86-8793-44FE-BE70-8C79590861F1}.Debug|Any CPU.ActiveCfg = Debug|Any CPU
		{7B9CEA86-8793-44FE-BE70-8C79590861F1}.Debug|Any CPU.Build.0 = Debug|Any CPU
		{7B9CEA86-8793-44FE-BE70-8C79590861F1}.Release|Any CPU.ActiveCfg = Release|Any CPU
		{7B9CEA86-8793-44FE-BE70-8C79590861F1}.Release|Any CPU.Build.0 = Release|Any CPU
		{22894B1E-0865-4AE9-9102-ED3ACC138B16}.Debug|Any CPU.ActiveCfg = Debug|Any CPU
		{22894B1E-0865-4AE9-9102-ED3ACC138B16}.Debug|Any CPU.Build.0 = Debug|Any CPU
		{22894B1E-0865-4AE9-9102-ED3ACC138B16}.Release|Any CPU.ActiveCfg = Release|Any CPU
		{22894B1E-0865-4AE9-9102-ED3ACC138B16}.Release|Any CPU.Build.0 = Release|Any CPU
		{94CFB368-13B4-4A64-A7D2-64BD09CF5810}.Debug|Any CPU.ActiveCfg = Debug|Any CPU
		{94CFB368-13B4-4A64-A7D2-64BD09CF5810}.Debug|Any CPU.Build.0 = Debug|Any CPU
		{94CFB368-13B4-4A64-A7D2-64BD09CF5810}.Release|Any CPU.ActiveCfg = Release|Any CPU
		{94CFB368-13B4-4A64-A7D2-64BD09CF5810}.Release|Any CPU.Build.0 = Release|Any CPU
	EndGlobalSection
	GlobalSection(SolutionProperties) = preSolution
		HideSolutionNode = FALSE
	EndGlobalSection
	GlobalSection(ExtensibilityGlobals) = postSolution
		SolutionGuid = {5C6F735E-21D7-4175-A7DA-65895A55DF07}
	EndGlobalSection
EndGlobal
